
Microsoft Visual Studio Solution File, Format Version 12.00
# Visual Studio Version 16
VisualStudioVersion = 16.0.31205.134
MinimumVisualStudioVersion = 10.0.40219.1
Project("{FAE04EC0-301F-11D3-BF4B-00C04F79EFBC}") = "ConsoleApp", "ConsoleApp\ConsoleApp.csproj", "{F1631687-2EF2-419C-945E-1C933851E2E7}"
EndProject
Project("{FAE04EC0-301F-11D3-BF4B-00C04F79EFBC}") = "Models", "Models\Models.csproj", "{33F0B374-4268-4A6D-AF1D-6E97C1EBEA7B}"
EndProject
Project("{FAE04EC0-301F-11D3-BF4B-00C04F79EFBC}") = "DataService", "DataService\DataService.csproj", "{46E1F3C9-38F9-42C6-BCE4-57BF6CE1FAB5}"
EndProject
Project("{FAE04EC0-301F-11D3-BF4B-00C04F79EFBC}") = "DataService.Interfaces", "DataService.Interfaces\DataService.Interfaces.csproj", "{787DB2DC-176E-4251-9859-893D6CDAF18A}"
EndProject
Global
	GlobalSection(SolutionConfigurationPlatforms) = preSolution
		Debug|Any CPU = Debug|Any CPU
		Release|Any CPU = Release|Any CPU
	EndGlobalSection
	GlobalSection(ProjectConfigurationPlatforms) = postSolution
		{F1631687-2EF2-419C-945E-1C933851E2E7}.Debug|Any CPU.ActiveCfg = Debug|Any CPU
		{F1631687-2EF2-419C-945E-1C933851E2E7}.Debug|Any CPU.Build.0 = Debug|Any CPU
		{F1631687-2EF2-419C-945E-1C933851E2E7}.Release|Any CPU.ActiveCfg = Release|Any CPU
		{F1631687-2EF2-419C-945E-1C933851E2E7}.Release|Any CPU.Build.0 = Release|Any CPU
		{33F0B374-4268-4A6D-AF1D-6E97C1EBEA7B}.Debug|Any CPU.ActiveCfg = Debug|Any CPU
		{33F0B374-4268-4A6D-AF1D-6E97C1EBEA7B}.Debug|Any CPU.Build.0 = Debug|Any CPU
		{33F0B374-4268-4A6D-AF1D-6E97C1EBEA7B}.Release|Any CPU.ActiveCfg = Release|Any CPU
		{33F0B374-4268-4A6D-AF1D-6E97C1EBEA7B}.Release|Any CPU.Build.0 = Release|Any CPU
		{46E1F3C9-38F9-42C6-BCE4-57BF6CE1FAB5}.Debug|Any CPU.ActiveCfg = Debug|Any CPU
		{46E1F3C9-38F9-42C6-BCE4-57BF6CE1FAB5}.Debug|Any CPU.Build.0 = Debug|Any CPU
		{46E1F3C9-38F9-42C6-BCE4-57BF6CE1FAB5}.Release|Any CPU.ActiveCfg = Release|Any CPU
		{46E1F3C9-38F9-42C6-BCE4-57BF6CE1FAB5}.Release|Any CPU.Build.0 = Release|Any CPU
		{787DB2DC-176E-4251-9859-893D6CDAF18A}.Debug|Any CPU.ActiveCfg = Debug|Any CPU
		{787DB2DC-176E-4251-9859-893D6CDAF18A}.Debug|Any CPU.Build.0 = Debug|Any CPU
		{787DB2DC-176E-4251-9859-893D6CDAF18A}.Release|Any CPU.ActiveCfg = Release|Any CPU
		{787DB2DC-176E-4251-9859-893D6CDAF18A}.Release|Any CPU.Build.0 = Release|Any CPU
	EndGlobalSection
	GlobalSection(SolutionProperties) = preSolution
		HideSolutionNode = FALSE
	EndGlobalSection
	GlobalSection(ExtensibilityGlobals) = postSolution
		SolutionGuid = {222BA32D-35BB-48F4-8BC0-2DBA94DE27E1}
	EndGlobalSection
EndGlobal
