
Microsoft Visual Studio Solution File, Format Version 12.00
# Visual Studio Version 16
VisualStudioVersion = 16.0.31205.134
MinimumVisualStudioVersion = 10.0.40219.1
Project("{FAE04EC0-301F-11D3-BF4B-00C04F79EFBC}") = "WebApiInternal", "WebApiInternal\WebApiInternal.csproj", "{AACC6A3A-604E-41DB-8F91-1E26A808E1CC}"
EndProject
Project("{FAE04EC0-301F-11D3-BF4B-00C04F79EFBC}") = "WcfExternal", "WcfExternal\WcfExternal.csproj", "{DCA8169E-020A-4704-A8D7-77F92E5FD4F8}"
EndProject
Project("{FAE04EC0-301F-11D3-BF4B-00C04F79EFBC}") = "MVC", "MVC\MVC.csproj", "{3ED43A53-8BAD-4476-85F4-EEECE9CE2367}"
EndProject
Project("{FAE04EC0-301F-11D3-BF4B-00C04F79EFBC}") = "Models", "Models\Models.csproj", "{1B236E90-ED08-4B35-91B1-3DB799ADC925}"
EndProject
Project("{FAE04EC0-301F-11D3-BF4B-00C04F79EFBC}") = "DAL", "DAL\DAL.csproj", "{4E6BC884-94E2-4C3F-896F-2E78125BDE4E}"
EndProject
Global
	GlobalSection(SolutionConfigurationPlatforms) = preSolution
		Debug|Any CPU = Debug|Any CPU
		Release|Any CPU = Release|Any CPU
	EndGlobalSection
	GlobalSection(ProjectConfigurationPlatforms) = postSolution
		{AACC6A3A-604E-41DB-8F91-1E26A808E1CC}.Debug|Any CPU.ActiveCfg = Debug|Any CPU
		{AACC6A3A-604E-41DB-8F91-1E26A808E1CC}.Debug|Any CPU.Build.0 = Debug|Any CPU
		{AACC6A3A-604E-41DB-8F91-1E26A808E1CC}.Release|Any CPU.ActiveCfg = Release|Any CPU
		{AACC6A3A-604E-41DB-8F91-1E26A808E1CC}.Release|Any CPU.Build.0 = Release|Any CPU
		{DCA8169E-020A-4704-A8D7-77F92E5FD4F8}.Debug|Any CPU.ActiveCfg = Debug|Any CPU
		{DCA8169E-020A-4704-A8D7-77F92E5FD4F8}.Debug|Any CPU.Build.0 = Debug|Any CPU
		{DCA8169E-020A-4704-A8D7-77F92E5FD4F8}.Release|Any CPU.ActiveCfg = Release|Any CPU
		{DCA8169E-020A-4704-A8D7-77F92E5FD4F8}.Release|Any CPU.Build.0 = Release|Any CPU
		{3ED43A53-8BAD-4476-85F4-EEECE9CE2367}.Debug|Any CPU.ActiveCfg = Debug|Any CPU
		{3ED43A53-8BAD-4476-85F4-EEECE9CE2367}.Debug|Any CPU.Build.0 = Debug|Any CPU
		{3ED43A53-8BAD-4476-85F4-EEECE9CE2367}.Release|Any CPU.ActiveCfg = Release|Any CPU
		{3ED43A53-8BAD-4476-85F4-EEECE9CE2367}.Release|Any CPU.Build.0 = Release|Any CPU
		{1B236E90-ED08-4B35-91B1-3DB799ADC925}.Debug|Any CPU.ActiveCfg = Debug|Any CPU
		{1B236E90-ED08-4B35-91B1-3DB799ADC925}.Debug|Any CPU.Build.0 = Debug|Any CPU
		{1B236E90-ED08-4B35-91B1-3DB799ADC925}.Release|Any CPU.ActiveCfg = Release|Any CPU
		{1B236E90-ED08-4B35-91B1-3DB799ADC925}.Release|Any CPU.Build.0 = Release|Any CPU
		{4E6BC884-94E2-4C3F-896F-2E78125BDE4E}.Debug|Any CPU.ActiveCfg = Debug|Any CPU
		{4E6BC884-94E2-4C3F-896F-2E78125BDE4E}.Debug|Any CPU.Build.0 = Debug|Any CPU
		{4E6BC884-94E2-4C3F-896F-2E78125BDE4E}.Release|Any CPU.ActiveCfg = Release|Any CPU
		{4E6BC884-94E2-4C3F-896F-2E78125BDE4E}.Release|Any CPU.Build.0 = Release|Any CPU
	EndGlobalSection
	GlobalSection(SolutionProperties) = preSolution
		HideSolutionNode = FALSE
	EndGlobalSection
	GlobalSection(ExtensibilityGlobals) = postSolution
		SolutionGuid = {FE6D4F75-2C02-4750-83A9-116BF5C8C570}
	EndGlobalSection
EndGlobal
